
Microsoft Visual Studio Solution File, Format Version 12.00
# Visual Studio 15
VisualStudioVersion = 15.0.27703.2042
MinimumVisualStudioVersion = 10.0.40219.1
Project("{FAE04EC0-301F-11D3-BF4B-00C04F79EFBC}") = "Assembly-CSharp", "Assembly-CSharp.csproj", "{54711AF1-E6FB-A738-DC35-DE0B73BEF70A}"
EndProject
Global
	GlobalSection(SolutionConfigurationPlatforms) = preSolution
		Debug|Any CPU = Debug|Any CPU
		Release|Any CPU = Release|Any CPU
	EndGlobalSection
	GlobalSection(ProjectConfigurationPlatforms) = postSolution
		{54711AF1-E6FB-A738-DC35-DE0B73BEF70A}.Debug|Any CPU.ActiveCfg = Debug|Any CPU
		{54711AF1-E6FB-A738-DC35-DE0B73BEF70A}.Debug|Any CPU.Build.0 = Debug|Any CPU
		{54711AF1-E6FB-A738-DC35-DE0B73BEF70A}.Release|Any CPU.ActiveCfg = Release|Any CPU
		{54711AF1-E6FB-A738-DC35-DE0B73BEF70A}.Release|Any CPU.Build.0 = Release|Any CPU
	EndGlobalSection
	GlobalSection(SolutionProperties) = preSolution
		HideSolutionNode = FALSE
	EndGlobalSection
	GlobalSection(ExtensibilityGlobals) = postSolution
		SolutionGuid = {4E8DBBE9-8C8F-4529-B58C-7DFFF6AA5CFD}
	EndGlobalSection
EndGlobal
